
Microsoft Visual Studio Solution File, Format Version 12.00
# Visual Studio 15
VisualStudioVersion = 15.0.26124.0
MinimumVisualStudioVersion = 15.0.26124.0
Project("{2150E333-8FDC-42A3-9474-1A3956D46DE8}") = "RabbitMQ", "RabbitMQ", "{23EA337B-F784-422C-90BD-7C99E28C4A47}"
EndProject
Project("{2150E333-8FDC-42A3-9474-1A3956D46DE8}") = "Demo1", "Demo1", "{FC4DAA49-87B2-4E9A-B009-536F6C612C18}"
EndProject
Project("{FAE04EC0-301F-11D3-BF4B-00C04F79EFBC}") = "Send", "RabbitMQ\Demo1\Send\Send.csproj", "{1AB57D05-FB88-4ADC-BAD9-D93EA18AD0D6}"
EndProject
Project("{FAE04EC0-301F-11D3-BF4B-00C04F79EFBC}") = "Receive", "RabbitMQ\Demo1\Receive\Receive.csproj", "{D2585707-0B56-4E0F-BE1F-D3C349263B50}"
EndProject
Project("{2150E333-8FDC-42A3-9474-1A3956D46DE8}") = "Demo2", "Demo2", "{6951C872-EF0D-49A7-BCC3-86C2F71F408A}"
EndProject
Project("{FAE04EC0-301F-11D3-BF4B-00C04F79EFBC}") = "NewTask", "RabbitMQ\Demo2\NewTask\NewTask.csproj", "{EF882B6D-0582-4D3F-BA93-1EEB999ABAE3}"
EndProject
Project("{FAE04EC0-301F-11D3-BF4B-00C04F79EFBC}") = "Worker", "RabbitMQ\Demo2\Worker\Worker.csproj", "{100AA40A-9B1F-4247-A648-D32D700C039F}"
EndProject
Project("{2150E333-8FDC-42A3-9474-1A3956D46DE8}") = "Demo3", "Demo3", "{42877F36-F7C7-41DB-B3DE-8081E24D8518}"
EndProject
Project("{FAE04EC0-301F-11D3-BF4B-00C04F79EFBC}") = "EmitLog", "RabbitMQ\Demo3\EmitLog\EmitLog.csproj", "{71849185-8B47-434A-AE6C-55A02EB8055C}"
EndProject
Project("{FAE04EC0-301F-11D3-BF4B-00C04F79EFBC}") = "ReceiveLog", "RabbitMQ\Demo3\ReceiveLog\ReceiveLog.csproj", "{DCE20179-06AE-4A8B-B1BF-707DB6E6BA57}"
EndProject
Project("{2150E333-8FDC-42A3-9474-1A3956D46DE8}") = "Demo4", "Demo4", "{8FA821BD-132D-44B7-BC53-976A1DD7429A}"
EndProject
Project("{FAE04EC0-301F-11D3-BF4B-00C04F79EFBC}") = "EmitLogDirect", "RabbitMQ\Demo4\EmitLogDirect\EmitLogDirect.csproj", "{61F4DE49-6D31-4CEB-B1DD-A5D91D12E990}"
EndProject
Project("{FAE04EC0-301F-11D3-BF4B-00C04F79EFBC}") = "ReceiveLogsDirect", "RabbitMQ\Demo4\ReceiveLogsDirect\ReceiveLogsDirect.csproj", "{9AF1A503-49FE-41C6-B113-96476209A5E1}"
EndProject
Global
	GlobalSection(SolutionConfigurationPlatforms) = preSolution
		Debug|Any CPU = Debug|Any CPU
		Debug|x64 = Debug|x64
		Debug|x86 = Debug|x86
		Release|Any CPU = Release|Any CPU
		Release|x64 = Release|x64
		Release|x86 = Release|x86
	EndGlobalSection
	GlobalSection(SolutionProperties) = preSolution
		HideSolutionNode = FALSE
	EndGlobalSection
	GlobalSection(ProjectConfigurationPlatforms) = postSolution
		{1AB57D05-FB88-4ADC-BAD9-D93EA18AD0D6}.Debug|Any CPU.ActiveCfg = Debug|Any CPU
		{1AB57D05-FB88-4ADC-BAD9-D93EA18AD0D6}.Debug|Any CPU.Build.0 = Debug|Any CPU
		{1AB57D05-FB88-4ADC-BAD9-D93EA18AD0D6}.Debug|x64.ActiveCfg = Debug|Any CPU
		{1AB57D05-FB88-4ADC-BAD9-D93EA18AD0D6}.Debug|x64.Build.0 = Debug|Any CPU
		{1AB57D05-FB88-4ADC-BAD9-D93EA18AD0D6}.Debug|x86.ActiveCfg = Debug|Any CPU
		{1AB57D05-FB88-4ADC-BAD9-D93EA18AD0D6}.Debug|x86.Build.0 = Debug|Any CPU
		{1AB57D05-FB88-4ADC-BAD9-D93EA18AD0D6}.Release|Any CPU.ActiveCfg = Release|Any CPU
		{1AB57D05-FB88-4ADC-BAD9-D93EA18AD0D6}.Release|Any CPU.Build.0 = Release|Any CPU
		{1AB57D05-FB88-4ADC-BAD9-D93EA18AD0D6}.Release|x64.ActiveCfg = Release|Any CPU
		{1AB57D05-FB88-4ADC-BAD9-D93EA18AD0D6}.Release|x64.Build.0 = Release|Any CPU
		{1AB57D05-FB88-4ADC-BAD9-D93EA18AD0D6}.Release|x86.ActiveCfg = Release|Any CPU
		{1AB57D05-FB88-4ADC-BAD9-D93EA18AD0D6}.Release|x86.Build.0 = Release|Any CPU
		{D2585707-0B56-4E0F-BE1F-D3C349263B50}.Debug|Any CPU.ActiveCfg = Debug|Any CPU
		{D2585707-0B56-4E0F-BE1F-D3C349263B50}.Debug|Any CPU.Build.0 = Debug|Any CPU
		{D2585707-0B56-4E0F-BE1F-D3C349263B50}.Debug|x64.ActiveCfg = Debug|Any CPU
		{D2585707-0B56-4E0F-BE1F-D3C349263B50}.Debug|x64.Build.0 = Debug|Any CPU
		{D2585707-0B56-4E0F-BE1F-D3C349263B50}.Debug|x86.ActiveCfg = Debug|Any CPU
		{D2585707-0B56-4E0F-BE1F-D3C349263B50}.Debug|x86.Build.0 = Debug|Any CPU
		{D2585707-0B56-4E0F-BE1F-D3C349263B50}.Release|Any CPU.ActiveCfg = Release|Any CPU
		{D2585707-0B56-4E0F-BE1F-D3C349263B50}.Release|Any CPU.Build.0 = Release|Any CPU
		{D2585707-0B56-4E0F-BE1F-D3C349263B50}.Release|x64.ActiveCfg = Release|Any CPU
		{D2585707-0B56-4E0F-BE1F-D3C349263B50}.Release|x64.Build.0 = Release|Any CPU
		{D2585707-0B56-4E0F-BE1F-D3C349263B50}.Release|x86.ActiveCfg = Release|Any CPU
		{D2585707-0B56-4E0F-BE1F-D3C349263B50}.Release|x86.Build.0 = Release|Any CPU
		{EF882B6D-0582-4D3F-BA93-1EEB999ABAE3}.Debug|Any CPU.ActiveCfg = Debug|Any CPU
		{EF882B6D-0582-4D3F-BA93-1EEB999ABAE3}.Debug|Any CPU.Build.0 = Debug|Any CPU
		{EF882B6D-0582-4D3F-BA93-1EEB999ABAE3}.Debug|x64.ActiveCfg = Debug|Any CPU
		{EF882B6D-0582-4D3F-BA93-1EEB999ABAE3}.Debug|x64.Build.0 = Debug|Any CPU
		{EF882B6D-0582-4D3F-BA93-1EEB999ABAE3}.Debug|x86.ActiveCfg = Debug|Any CPU
		{EF882B6D-0582-4D3F-BA93-1EEB999ABAE3}.Debug|x86.Build.0 = Debug|Any CPU
		{EF882B6D-0582-4D3F-BA93-1EEB999ABAE3}.Release|Any CPU.ActiveCfg = Release|Any CPU
		{EF882B6D-0582-4D3F-BA93-1EEB999ABAE3}.Release|Any CPU.Build.0 = Release|Any CPU
		{EF882B6D-0582-4D3F-BA93-1EEB999ABAE3}.Release|x64.ActiveCfg = Release|Any CPU
		{EF882B6D-0582-4D3F-BA93-1EEB999ABAE3}.Release|x64.Build.0 = Release|Any CPU
		{EF882B6D-0582-4D3F-BA93-1EEB999ABAE3}.Release|x86.ActiveCfg = Release|Any CPU
		{EF882B6D-0582-4D3F-BA93-1EEB999ABAE3}.Release|x86.Build.0 = Release|Any CPU
		{100AA40A-9B1F-4247-A648-D32D700C039F}.Debug|Any CPU.ActiveCfg = Debug|Any CPU
		{100AA40A-9B1F-4247-A648-D32D700C039F}.Debug|Any CPU.Build.0 = Debug|Any CPU
		{100AA40A-9B1F-4247-A648-D32D700C039F}.Debug|x64.ActiveCfg = Debug|Any CPU
		{100AA40A-9B1F-4247-A648-D32D700C039F}.Debug|x64.Build.0 = Debug|Any CPU
		{100AA40A-9B1F-4247-A648-D32D700C039F}.Debug|x86.ActiveCfg = Debug|Any CPU
		{100AA40A-9B1F-4247-A648-D32D700C039F}.Debug|x86.Build.0 = Debug|Any CPU
		{100AA40A-9B1F-4247-A648-D32D700C039F}.Release|Any CPU.ActiveCfg = Release|Any CPU
		{100AA40A-9B1F-4247-A648-D32D700C039F}.Release|Any CPU.Build.0 = Release|Any CPU
		{100AA40A-9B1F-4247-A648-D32D700C039F}.Release|x64.ActiveCfg = Release|Any CPU
		{100AA40A-9B1F-4247-A648-D32D700C039F}.Release|x64.Build.0 = Release|Any CPU
		{100AA40A-9B1F-4247-A648-D32D700C039F}.Release|x86.ActiveCfg = Release|Any CPU
		{100AA40A-9B1F-4247-A648-D32D700C039F}.Release|x86.Build.0 = Release|Any CPU
		{71849185-8B47-434A-AE6C-55A02EB8055C}.Debug|Any CPU.ActiveCfg = Debug|Any CPU
		{71849185-8B47-434A-AE6C-55A02EB8055C}.Debug|Any CPU.Build.0 = Debug|Any CPU
		{71849185-8B47-434A-AE6C-55A02EB8055C}.Debug|x64.ActiveCfg = Debug|Any CPU
		{71849185-8B47-434A-AE6C-55A02EB8055C}.Debug|x64.Build.0 = Debug|Any CPU
		{71849185-8B47-434A-AE6C-55A02EB8055C}.Debug|x86.ActiveCfg = Debug|Any CPU
		{71849185-8B47-434A-AE6C-55A02EB8055C}.Debug|x86.Build.0 = Debug|Any CPU
		{71849185-8B47-434A-AE6C-55A02EB8055C}.Release|Any CPU.ActiveCfg = Release|Any CPU
		{71849185-8B47-434A-AE6C-55A02EB8055C}.Release|Any CPU.Build.0 = Release|Any CPU
		{71849185-8B47-434A-AE6C-55A02EB8055C}.Release|x64.ActiveCfg = Release|Any CPU
		{71849185-8B47-434A-AE6C-55A02EB8055C}.Release|x64.Build.0 = Release|Any CPU
		{71849185-8B47-434A-AE6C-55A02EB8055C}.Release|x86.ActiveCfg = Release|Any CPU
		{71849185-8B47-434A-AE6C-55A02EB8055C}.Release|x86.Build.0 = Release|Any CPU
		{DCE20179-06AE-4A8B-B1BF-707DB6E6BA57}.Debug|Any CPU.ActiveCfg = Debug|Any CPU
		{DCE20179-06AE-4A8B-B1BF-707DB6E6BA57}.Debug|Any CPU.Build.0 = Debug|Any CPU
		{DCE20179-06AE-4A8B-B1BF-707DB6E6BA57}.Debug|x64.ActiveCfg = Debug|Any CPU
		{DCE20179-06AE-4A8B-B1BF-707DB6E6BA57}.Debug|x64.Build.0 = Debug|Any CPU
		{DCE20179-06AE-4A8B-B1BF-707DB6E6BA57}.Debug|x86.ActiveCfg = Debug|Any CPU
		{DCE20179-06AE-4A8B-B1BF-707DB6E6BA57}.Debug|x86.Build.0 = Debug|Any CPU
		{DCE20179-06AE-4A8B-B1BF-707DB6E6BA57}.Release|Any CPU.ActiveCfg = Release|Any CPU
		{DCE20179-06AE-4A8B-B1BF-707DB6E6BA57}.Release|Any CPU.Build.0 = Release|Any CPU
		{DCE20179-06AE-4A8B-B1BF-707DB6E6BA57}.Release|x64.ActiveCfg = Release|Any CPU
		{DCE20179-06AE-4A8B-B1BF-707DB6E6BA57}.Release|x64.Build.0 = Release|Any CPU
		{DCE20179-06AE-4A8B-B1BF-707DB6E6BA57}.Release|x86.ActiveCfg = Release|Any CPU
		{DCE20179-06AE-4A8B-B1BF-707DB6E6BA57}.Release|x86.Build.0 = Release|Any CPU
		{61F4DE49-6D31-4CEB-B1DD-A5D91D12E990}.Debug|Any CPU.ActiveCfg = Debug|Any CPU
		{61F4DE49-6D31-4CEB-B1DD-A5D91D12E990}.Debug|Any CPU.Build.0 = Debug|Any CPU
		{61F4DE49-6D31-4CEB-B1DD-A5D91D12E990}.Debug|x64.ActiveCfg = Debug|Any CPU
		{61F4DE49-6D31-4CEB-B1DD-A5D91D12E990}.Debug|x64.Build.0 = Debug|Any CPU
		{61F4DE49-6D31-4CEB-B1DD-A5D91D12E990}.Debug|x86.ActiveCfg = Debug|Any CPU
		{61F4DE49-6D31-4CEB-B1DD-A5D91D12E990}.Debug|x86.Build.0 = Debug|Any CPU
		{61F4DE49-6D31-4CEB-B1DD-A5D91D12E990}.Release|Any CPU.ActiveCfg = Release|Any CPU
		{61F4DE49-6D31-4CEB-B1DD-A5D91D12E990}.Release|Any CPU.Build.0 = Release|Any CPU
		{61F4DE49-6D31-4CEB-B1DD-A5D91D12E990}.Release|x64.ActiveCfg = Release|Any CPU
		{61F4DE49-6D31-4CEB-B1DD-A5D91D12E990}.Release|x64.Build.0 = Release|Any CPU
		{61F4DE49-6D31-4CEB-B1DD-A5D91D12E990}.Release|x86.ActiveCfg = Release|Any CPU
		{61F4DE49-6D31-4CEB-B1DD-A5D91D12E990}.Release|x86.Build.0 = Release|Any CPU
		{9AF1A503-49FE-41C6-B113-96476209A5E1}.Debug|Any CPU.ActiveCfg = Debug|Any CPU
		{9AF1A503-49FE-41C6-B113-96476209A5E1}.Debug|Any CPU.Build.0 = Debug|Any CPU
		{9AF1A503-49FE-41C6-B113-96476209A5E1}.Debug|x64.ActiveCfg = Debug|Any CPU
		{9AF1A503-49FE-41C6-B113-96476209A5E1}.Debug|x64.Build.0 = Debug|Any CPU
		{9AF1A503-49FE-41C6-B113-96476209A5E1}.Debug|x86.ActiveCfg = Debug|Any CPU
		{9AF1A503-49FE-41C6-B113-96476209A5E1}.Debug|x86.Build.0 = Debug|Any CPU
		{9AF1A503-49FE-41C6-B113-96476209A5E1}.Release|Any CPU.ActiveCfg = Release|Any CPU
		{9AF1A503-49FE-41C6-B113-96476209A5E1}.Release|Any CPU.Build.0 = Release|Any CPU
		{9AF1A503-49FE-41C6-B113-96476209A5E1}.Release|x64.ActiveCfg = Release|Any CPU
		{9AF1A503-49FE-41C6-B113-96476209A5E1}.Release|x64.Build.0 = Release|Any CPU
		{9AF1A503-49FE-41C6-B113-96476209A5E1}.Release|x86.ActiveCfg = Release|Any CPU
		{9AF1A503-49FE-41C6-B113-96476209A5E1}.Release|x86.Build.0 = Release|Any CPU
	EndGlobalSection
	GlobalSection(NestedProjects) = preSolution
		{FC4DAA49-87B2-4E9A-B009-536F6C612C18} = {23EA337B-F784-422C-90BD-7C99E28C4A47}
		{1AB57D05-FB88-4ADC-BAD9-D93EA18AD0D6} = {FC4DAA49-87B2-4E9A-B009-536F6C612C18}
		{D2585707-0B56-4E0F-BE1F-D3C349263B50} = {FC4DAA49-87B2-4E9A-B009-536F6C612C18}
		{6951C872-EF0D-49A7-BCC3-86C2F71F408A} = {23EA337B-F784-422C-90BD-7C99E28C4A47}
		{EF882B6D-0582-4D3F-BA93-1EEB999ABAE3} = {6951C872-EF0D-49A7-BCC3-86C2F71F408A}
		{100AA40A-9B1F-4247-A648-D32D700C039F} = {6951C872-EF0D-49A7-BCC3-86C2F71F408A}
		{42877F36-F7C7-41DB-B3DE-8081E24D8518} = {23EA337B-F784-422C-90BD-7C99E28C4A47}
		{71849185-8B47-434A-AE6C-55A02EB8055C} = {42877F36-F7C7-41DB-B3DE-8081E24D8518}
		{DCE20179-06AE-4A8B-B1BF-707DB6E6BA57} = {42877F36-F7C7-41DB-B3DE-8081E24D8518}
		{8FA821BD-132D-44B7-BC53-976A1DD7429A} = {23EA337B-F784-422C-90BD-7C99E28C4A47}
		{61F4DE49-6D31-4CEB-B1DD-A5D91D12E990} = {8FA821BD-132D-44B7-BC53-976A1DD7429A}
		{9AF1A503-49FE-41C6-B113-96476209A5E1} = {8FA821BD-132D-44B7-BC53-976A1DD7429A}
	EndGlobalSection
EndGlobal
